
Microsoft Visual Studio Solution File, Format Version 12.00
# Visual Studio Version 17
VisualStudioVersion = 17.14.36915.13 d17.14
MinimumVisualStudioVersion = 10.0.40219.1
Project("{FAE04EC0-301F-11D3-BF4B-00C04F79EFBC}") = "Cybersecurity_Awareness_Chatbot", "Cybersecurity_Awareness_Chatbot\Cybersecurity_Awareness_Chatbot.csproj", "{414E8D7B-BDC0-4E8B-BC41-5CEC57482F24}"
EndProject
Global
	GlobalSection(SolutionConfigurationPlatforms) = preSolution
		Debug|Any CPU = Debug|Any CPU
		Release|Any CPU = Release|Any CPU
	EndGlobalSection
	GlobalSection(ProjectConfigurationPlatforms) = postSolution
		{414E8D7B-BDC0-4E8B-BC41-5CEC57482F24}.Debug|Any CPU.ActiveCfg = Debug|Any CPU
		{414E8D7B-BDC0-4E8B-BC41-5CEC57482F24}.Debug|Any CPU.Build.0 = Debug|Any CPU
		{414E8D7B-BDC0-4E8B-BC41-5CEC57482F24}.Release|Any CPU.ActiveCfg = Release|Any CPU
		{414E8D7B-BDC0-4E8B-BC41-5CEC57482F24}.Release|Any CPU.Build.0 = Release|Any CPU
	EndGlobalSection
	GlobalSection(SolutionProperties) = preSolution
		HideSolutionNode = FALSE
	EndGlobalSection
	GlobalSection(ExtensibilityGlobals) = postSolution
		SolutionGuid = {56EFD7E6-C415-4E99-81A0-29D00E3FB0A7}
	EndGlobalSection
EndGlobal
